
Microsoft Visual Studio Solution File, Format Version 12.00
# Visual Studio Version 17
VisualStudioVersion = 17.2.32602.215
MinimumVisualStudioVersion = 10.0.40219.1
Project("{FAE04EC0-301F-11D3-BF4B-00C04F79EFBC}") = "aspneMVCProject1", "aspneMVCProject1\aspneMVCProject1.csproj", "{0BBAFD86-1CE2-472A-8C88-373C5078ED62}"
EndProject
Global
	GlobalSection(SolutionConfigurationPlatforms) = preSolution
		Debug|Any CPU = Debug|Any CPU
		Release|Any CPU = Release|Any CPU
	EndGlobalSection
	GlobalSection(ProjectConfigurationPlatforms) = postSolution
		{0BBAFD86-1CE2-472A-8C88-373C5078ED62}.Debug|Any CPU.ActiveCfg = Debug|Any CPU
		{0BBAFD86-1CE2-472A-8C88-373C5078ED62}.Debug|Any CPU.Build.0 = Debug|Any CPU
		{0BBAFD86-1CE2-472A-8C88-373C5078ED62}.Release|Any CPU.ActiveCfg = Release|Any CPU
		{0BBAFD86-1CE2-472A-8C88-373C5078ED62}.Release|Any CPU.Build.0 = Release|Any CPU
	EndGlobalSection
	GlobalSection(SolutionProperties) = preSolution
		HideSolutionNode = FALSE
	EndGlobalSection
	GlobalSection(ExtensibilityGlobals) = postSolution
		SolutionGuid = {BC9D27CE-5B73-4FA3-9A45-E9B14D32B7D6}
	EndGlobalSection
EndGlobal
